
Microsoft Visual Studio Solution File, Format Version 12.00
# Visual Studio 2013
Project("{FAE04EC0-301F-11D3-BF4B-00C04F79EFBC}") = "UnityVS.Now_What.CSharp", "UnityVS.Now_What.CSharp.csproj", "{61A2F838-819A-7B91-56E7-F44FDCC51246}"
EndProject
Global
	GlobalSection(SolutionConfigurationPlatforms) = preSolution
		Debug|Any CPU = Debug|Any CPU
		Release|Any CPU = Release|Any CPU
	EndGlobalSection
	GlobalSection(ProjectConfigurationPlatforms) = postSolution
		{61A2F838-819A-7B91-56E7-F44FDCC51246}.Debug|Any CPU.ActiveCfg = Debug|Any CPU
		{61A2F838-819A-7B91-56E7-F44FDCC51246}.Debug|Any CPU.Build.0 = Debug|Any CPU
		{61A2F838-819A-7B91-56E7-F44FDCC51246}.Release|Any CPU.ActiveCfg = Release|Any CPU
		{61A2F838-819A-7B91-56E7-F44FDCC51246}.Release|Any CPU.Build.0 = Release|Any CPU
	EndGlobalSection
	GlobalSection(SolutionProperties) = preSolution
		HideSolutionNode = FALSE
	EndGlobalSection
EndGlobal
